
Microsoft Visual Studio Solution File, Format Version 12.00
# Visual Studio Version 16
VisualStudioVersion = 16.0.30011.22
MinimumVisualStudioVersion = 10.0.40219.1
Project("{FAE04EC0-301F-11D3-BF4B-00C04F79EFBC}") = "Chargeon", "Chargeon\Chargeon.csproj", "{2CE4194E-3996-4948-8DFF-6D70E7E3513A}"
EndProject
Global
	GlobalSection(SolutionConfigurationPlatforms) = preSolution
		Debug|Any CPU = Debug|Any CPU
		Release|Any CPU = Release|Any CPU
	EndGlobalSection
	GlobalSection(ProjectConfigurationPlatforms) = postSolution
		{2CE4194E-3996-4948-8DFF-6D70E7E3513A}.Debug|Any CPU.ActiveCfg = Debug|Any CPU
		{2CE4194E-3996-4948-8DFF-6D70E7E3513A}.Debug|Any CPU.Build.0 = Debug|Any CPU
		{2CE4194E-3996-4948-8DFF-6D70E7E3513A}.Release|Any CPU.ActiveCfg = Release|Any CPU
		{2CE4194E-3996-4948-8DFF-6D70E7E3513A}.Release|Any CPU.Build.0 = Release|Any CPU
	EndGlobalSection
	GlobalSection(SolutionProperties) = preSolution
		HideSolutionNode = FALSE
	EndGlobalSection
	GlobalSection(ExtensibilityGlobals) = postSolution
		SolutionGuid = {8DE8C678-19F5-4660-9219-38530C3D63BA}
	EndGlobalSection
EndGlobal
